<?xml version="1.0" encoding="utf-8"?>
<Project ToolsVersion="4.0" xmlns="http://schemas.microsoft.com/developer/msbuild/2003">
  <ItemGroup>
    <Filter Include="Header Files">
      <UniqueIdentifier>{92959b91-78ab-4eda-8ee8-1afa05048031}</UniqueIdentifier>
    </Filter>
    <Filter Include="Source Files">
      <UniqueIdentifier>{93dc2236-96b0-4910-b93d-28a1e7253fc9}</UniqueIdentifier>
    </Filter>
  </ItemGroup>
  <ItemGroup>
    <ClInclude Include="fms_hypergeometric.h">
      <Filter>Header Files</Filter>
    </ClInclude>
    <ClInclude Include="xll_FRE6233.h">
      <Filter>Header Files</Filter>
    </ClInclude>
    <ClInclude Include="fms_distribution.h">
      <Filter>Header Files</Filter>
    </ClInclude>
    <ClInclude Include="fms_option.h">
      <Filter>Header Files</Filter>
    </ClInclude>
    <ClInclude Include="fms_distribution_normal.h">
      <Filter>Header Files</Filter>
    </ClInclude>
    <ClInclude Include="fms_distribution_logistic.h">
      <Filter>Header Files</Filter>
    </ClInclude>
  </ItemGroup>
  <ItemGroup>
    <ClCompile Include="xll_FRE6233.cpp">
      <Filter>Source Files</Filter>
    </ClCompile>
    <ClCompile Include="xll_distribution.cpp">
      <Filter>Source Files</Filter>
    </ClCompile>
    <ClCompile Include="xll_option.cpp">
      <Filter>Source Files</Filter>
    </ClCompile>
  </ItemGroup>
</Project>
